
Microsoft Visual Studio Solution File, Format Version 12.00
# Visual Studio Version 17
VisualStudioVersion = 17.8.34525.116
MinimumVisualStudioVersion = 10.0.40219.1
Project("{FAE04EC0-301F-11D3-BF4B-00C04F79EFBC}") = "SerPro13Weeks", "SerPro13Weeks.csproj", "{195DBD97-D779-490B-80A6-6F85C39B4BCD}"
EndProject
Project("{FAE04EC0-301F-11D3-BF4B-00C04F79EFBC}") = "threadpool_test", "threadpool_test\threadpool_test.csproj", "{8D440703-B384-4DF5-9112-F8EBEACA89B2}"
EndProject
Global
	GlobalSection(SolutionConfigurationPlatforms) = preSolution
		Debug|Any CPU = Debug|Any CPU
		Release|Any CPU = Release|Any CPU
	EndGlobalSection
	GlobalSection(ProjectConfigurationPlatforms) = postSolution
		{195DBD97-D779-490B-80A6-6F85C39B4BCD}.Debug|Any CPU.ActiveCfg = Debug|Any CPU
		{195DBD97-D779-490B-80A6-6F85C39B4BCD}.Debug|Any CPU.Build.0 = Debug|Any CPU
		{195DBD97-D779-490B-80A6-6F85C39B4BCD}.Release|Any CPU.ActiveCfg = Release|Any CPU
		{195DBD97-D779-490B-80A6-6F85C39B4BCD}.Release|Any CPU.Build.0 = Release|Any CPU
		{8D440703-B384-4DF5-9112-F8EBEACA89B2}.Debug|Any CPU.ActiveCfg = Debug|Any CPU
		{8D440703-B384-4DF5-9112-F8EBEACA89B2}.Debug|Any CPU.Build.0 = Debug|Any CPU
		{8D440703-B384-4DF5-9112-F8EBEACA89B2}.Release|Any CPU.ActiveCfg = Release|Any CPU
		{8D440703-B384-4DF5-9112-F8EBEACA89B2}.Release|Any CPU.Build.0 = Release|Any CPU
	EndGlobalSection
	GlobalSection(SolutionProperties) = preSolution
		HideSolutionNode = FALSE
	EndGlobalSection
	GlobalSection(ExtensibilityGlobals) = postSolution
		SolutionGuid = {CBD64F75-DC5C-4F75-A3BF-388EB282C625}
	EndGlobalSection
EndGlobal
